{
  "nodes": {
    "mozillapkgs": {
      "flake": false,
      "locked": {
        "lastModified": 1627922300,
        "narHash": "sha256-/5fyO/265Wrli2pHpe1/i9Lu8XnQ5K+2YLz9Sz568cI=",
        "owner": "mozilla",
        "repo": "nixpkgs-mozilla",
        "rev": "b1001ed670666ca4ce1c1b064481f88694315c1d",
        "type": "github"
      },
      "original": {
        "owner": "mozilla",
        "repo": "nixpkgs-mozilla",
        "type": "github"
      }
    },
    "naersk": {
      "inputs": {
        "nixpkgs": "nixpkgs"
      },
      "locked": {
        "lastModified": 1623927034,
        "narHash": "sha256-sGxlmfp5eXL5sAMNqHSb04Zq6gPl+JeltIZ226OYN0w=",
        "owner": "nmattia",
        "repo": "naersk",
        "rev": "e09c320446c5c2516d430803f7b19f5833781337",
        "type": "github"
      },
      "original": {
        "owner": "nmattia",
        "repo": "naersk",
        "type": "github"
      }
    },
    "nixpkgs": {
      "locked": {
        "lastModified": 1629207141,
        "narHash": "sha256-6tTpg3R+FgC7sYCDZnMLT9gUETJdPFLN97LhYgARhu8=",
        "owner": "NixOS",
        "repo": "nixpkgs",
        "rev": "6b7decf64b1520f7ae5ec23ca1e99d9ce8643699",
        "type": "github"
      },
      "original": {
        "id": "nixpkgs",
        "type": "indirect"
      }
    },
    "nixpkgs_2": {
      "locked": {
        "lastModified": 1629207141,
        "narHash": "sha256-6tTpg3R+FgC7sYCDZnMLT9gUETJdPFLN97LhYgARhu8=",
        "owner": "NixOS",
        "repo": "nixpkgs",
        "rev": "6b7decf64b1520f7ae5ec23ca1e99d9ce8643699",
        "type": "github"
      },
      "original": {
        "id": "nixpkgs",
        "type": "indirect"
      }
    },
    "root": {
      "inputs": {
        "mozillapkgs": "mozillapkgs",
        "naersk": "naersk",
        "nixpkgs": "nixpkgs_2",
        "utils": "utils"
      }
    },
    "utils": {
      "locked": {
        "lastModified": 1623875721,
        "narHash": "sha256-A8BU7bjS5GirpAUv4QA+QnJ4CceLHkcXdRp4xITDB0s=",
        "owner": "numtide",
        "repo": "flake-utils",
        "rev": "f7e004a55b120c02ecb6219596820fcd32ca8772",
        "type": "github"
      },
      "original": {
        "owner": "numtide",
        "repo": "flake-utils",
        "type": "github"
      }
    }
  },
  "root": "root",
  "version": 7
}
